// !$*UTF8*$!
{
	archiveVersion = 1;
	classes = {
	};
	objectVersion = 46;
	objects = {

/* Begin PBXBuildFile section */
		D0871EB6169E2EFC00016ACA /* InfoPlist.strings in Resources */ = {isa = PBXBuildFile; fileRef = D0871EB4169E2EFC00016ACA /* InfoPlist.strings */; };
		D0871EC2169E2EFC00016ACA /* SenTestingKit.framework in Frameworks */ = {isa = PBXBuildFile; fileRef = D0871EC1169E2EFC00016ACA /* SenTestingKit.framework */; };
		D0871EC6169E2EFC00016ACA /* OctoClient.framework in Frameworks */ = {isa = PBXBuildFile; fileRef = D0871EA8169E2EFC00016ACA /* OctoClient.framework */; };
		D0871ECC169E2EFC00016ACA /* InfoPlist.strings in Resources */ = {isa = PBXBuildFile; fileRef = D0871ECA169E2EFC00016ACA /* InfoPlist.strings */; };
		D0871FF4169E309A00016ACA /* SenTestingKit.framework in Frameworks */ = {isa = PBXBuildFile; fileRef = D0871EC1169E2EFC00016ACA /* SenTestingKit.framework */; };
		D0871FFA169E309A00016ACA /* libOctoClient.a in Frameworks */ = {isa = PBXBuildFile; fileRef = D0871FE4169E309900016ACA /* libOctoClient.a */; };
		D0872010169E31C000016ACA /* Foundation.framework in Frameworks */ = {isa = PBXBuildFile; fileRef = D087200F169E31C000016ACA /* Foundation.framework */; };
		D0872012169E31C800016ACA /* Foundation.framework in Frameworks */ = {isa = PBXBuildFile; fileRef = D0872011169E31C800016ACA /* Foundation.framework */; };
		D0872030169E326800016ACA /* AFHTTPClient.h in Headers */ = {isa = PBXBuildFile; fileRef = D087201D169E326800016ACA /* AFHTTPClient.h */; settings = {ATTRIBUTES = (Public, ); }; };
		D0872031169E326800016ACA /* AFHTTPClient.h in Headers */ = {isa = PBXBuildFile; fileRef = D087201D169E326800016ACA /* AFHTTPClient.h */; settings = {ATTRIBUTES = (Public, ); }; };
		D0872032169E326800016ACA /* AFHTTPClient.m in Sources */ = {isa = PBXBuildFile; fileRef = D087201E169E326800016ACA /* AFHTTPClient.m */; };
		D0872033169E326800016ACA /* AFHTTPClient.m in Sources */ = {isa = PBXBuildFile; fileRef = D087201E169E326800016ACA /* AFHTTPClient.m */; };
		D0872034169E326800016ACA /* AFHTTPRequestOperation.h in Headers */ = {isa = PBXBuildFile; fileRef = D087201F169E326800016ACA /* AFHTTPRequestOperation.h */; settings = {ATTRIBUTES = (Public, ); }; };
		D0872035169E326800016ACA /* AFHTTPRequestOperation.h in Headers */ = {isa = PBXBuildFile; fileRef = D087201F169E326800016ACA /* AFHTTPRequestOperation.h */; settings = {ATTRIBUTES = (Public, ); }; };
		D0872036169E326800016ACA /* AFHTTPRequestOperation.m in Sources */ = {isa = PBXBuildFile; fileRef = D0872020169E326800016ACA /* AFHTTPRequestOperation.m */; };
		D0872037169E326800016ACA /* AFHTTPRequestOperation.m in Sources */ = {isa = PBXBuildFile; fileRef = D0872020169E326800016ACA /* AFHTTPRequestOperation.m */; };
		D0872038169E326800016ACA /* AFImageRequestOperation.h in Headers */ = {isa = PBXBuildFile; fileRef = D0872021169E326800016ACA /* AFImageRequestOperation.h */; settings = {ATTRIBUTES = (Public, ); }; };
		D0872039169E326800016ACA /* AFImageRequestOperation.h in Headers */ = {isa = PBXBuildFile; fileRef = D0872021169E326800016ACA /* AFImageRequestOperation.h */; settings = {ATTRIBUTES = (Public, ); }; };
		D087203A169E326800016ACA /* AFImageRequestOperation.m in Sources */ = {isa = PBXBuildFile; fileRef = D0872022169E326800016ACA /* AFImageRequestOperation.m */; };
		D087203B169E326800016ACA /* AFImageRequestOperation.m in Sources */ = {isa = PBXBuildFile; fileRef = D0872022169E326800016ACA /* AFImageRequestOperation.m */; };
		D087203C169E326800016ACA /* AFJSONRequestOperation.h in Headers */ = {isa = PBXBuildFile; fileRef = D0872023169E326800016ACA /* AFJSONRequestOperation.h */; settings = {ATTRIBUTES = (Public, ); }; };
		D087203D169E326800016ACA /* AFJSONRequestOperation.h in Headers */ = {isa = PBXBuildFile; fileRef = D0872023169E326800016ACA /* AFJSONRequestOperation.h */; settings = {ATTRIBUTES = (Public, ); }; };
		D087203E169E326800016ACA /* AFJSONRequestOperation.m in Sources */ = {isa = PBXBuildFile; fileRef = D0872024169E326800016ACA /* AFJSONRequestOperation.m */; };
		D087203F169E326800016ACA /* AFJSONRequestOperation.m in Sources */ = {isa = PBXBuildFile; fileRef = D0872024169E326800016ACA /* AFJSONRequestOperation.m */; };
		D0872040169E326800016ACA /* AFNetworkActivityIndicatorManager.h in Headers */ = {isa = PBXBuildFile; fileRef = D0872025169E326800016ACA /* AFNetworkActivityIndicatorManager.h */; settings = {ATTRIBUTES = (Public, ); }; };
		D0872041169E326800016ACA /* AFNetworkActivityIndicatorManager.h in Headers */ = {isa = PBXBuildFile; fileRef = D0872025169E326800016ACA /* AFNetworkActivityIndicatorManager.h */; settings = {ATTRIBUTES = (Public, ); }; };
		D0872042169E326800016ACA /* AFNetworkActivityIndicatorManager.m in Sources */ = {isa = PBXBuildFile; fileRef = D0872026169E326800016ACA /* AFNetworkActivityIndicatorManager.m */; };
		D0872043169E326800016ACA /* AFNetworkActivityIndicatorManager.m in Sources */ = {isa = PBXBuildFile; fileRef = D0872026169E326800016ACA /* AFNetworkActivityIndicatorManager.m */; };
		D0872044169E326800016ACA /* AFNetworking.h in Headers */ = {isa = PBXBuildFile; fileRef = D0872027169E326800016ACA /* AFNetworking.h */; settings = {ATTRIBUTES = (Public, ); }; };
		D0872045169E326800016ACA /* AFNetworking.h in Headers */ = {isa = PBXBuildFile; fileRef = D0872027169E326800016ACA /* AFNetworking.h */; settings = {ATTRIBUTES = (Public, ); }; };
		D0872046169E326800016ACA /* AFPropertyListRequestOperation.h in Headers */ = {isa = PBXBuildFile; fileRef = D0872028169E326800016ACA /* AFPropertyListRequestOperation.h */; settings = {ATTRIBUTES = (Public, ); }; };
		D0872047169E326800016ACA /* AFPropertyListRequestOperation.h in Headers */ = {isa = PBXBuildFile; fileRef = D0872028169E326800016ACA /* AFPropertyListRequestOperation.h */; settings = {ATTRIBUTES = (Public, ); }; };
		D0872048169E326800016ACA /* AFPropertyListRequestOperation.m in Sources */ = {isa = PBXBuildFile; fileRef = D0872029169E326800016ACA /* AFPropertyListRequestOperation.m */; };
		D0872049169E326800016ACA /* AFPropertyListRequestOperation.m in Sources */ = {isa = PBXBuildFile; fileRef = D0872029169E326800016ACA /* AFPropertyListRequestOperation.m */; };
		D087204A169E326800016ACA /* AFURLConnectionOperation.h in Headers */ = {isa = PBXBuildFile; fileRef = D087202A169E326800016ACA /* AFURLConnectionOperation.h */; settings = {ATTRIBUTES = (Public, ); }; };
		D087204B169E326800016ACA /* AFURLConnectionOperation.h in Headers */ = {isa = PBXBuildFile; fileRef = D087202A169E326800016ACA /* AFURLConnectionOperation.h */; settings = {ATTRIBUTES = (Public, ); }; };
		D087204C169E326800016ACA /* AFURLConnectionOperation.m in Sources */ = {isa = PBXBuildFile; fileRef = D087202B169E326800016ACA /* AFURLConnectionOperation.m */; };
		D087204D169E326800016ACA /* AFURLConnectionOperation.m in Sources */ = {isa = PBXBuildFile; fileRef = D087202B169E326800016ACA /* AFURLConnectionOperation.m */; };
		D087204E169E326800016ACA /* AFXMLRequestOperation.h in Headers */ = {isa = PBXBuildFile; fileRef = D087202C169E326800016ACA /* AFXMLRequestOperation.h */; settings = {ATTRIBUTES = (Public, ); }; };
		D087204F169E326800016ACA /* AFXMLRequestOperation.h in Headers */ = {isa = PBXBuildFile; fileRef = D087202C169E326800016ACA /* AFXMLRequestOperation.h */; settings = {ATTRIBUTES = (Public, ); }; };
		D0872050169E326800016ACA /* AFXMLRequestOperation.m in Sources */ = {isa = PBXBuildFile; fileRef = D087202D169E326800016ACA /* AFXMLRequestOperation.m */; };
		D0872051169E326800016ACA /* AFXMLRequestOperation.m in Sources */ = {isa = PBXBuildFile; fileRef = D087202D169E326800016ACA /* AFXMLRequestOperation.m */; };
		D0872052169E326800016ACA /* UIImageView+AFNetworking.h in Headers */ = {isa = PBXBuildFile; fileRef = D087202E169E326800016ACA /* UIImageView+AFNetworking.h */; settings = {ATTRIBUTES = (Public, ); }; };
		D0872053169E326800016ACA /* UIImageView+AFNetworking.h in Headers */ = {isa = PBXBuildFile; fileRef = D087202E169E326800016ACA /* UIImageView+AFNetworking.h */; settings = {ATTRIBUTES = (Public, ); }; };
		D0872054169E326800016ACA /* UIImageView+AFNetworking.m in Sources */ = {isa = PBXBuildFile; fileRef = D087202F169E326800016ACA /* UIImageView+AFNetworking.m */; };
		D0872055169E326800016ACA /* UIImageView+AFNetworking.m in Sources */ = {isa = PBXBuildFile; fileRef = D087202F169E326800016ACA /* UIImageView+AFNetworking.m */; };
		D0872097169E32A000016ACA /* Mantle.framework in Frameworks */ = {isa = PBXBuildFile; fileRef = D0872069169E328B00016ACA /* Mantle.framework */; };
		D0872098169E32A000016ACA /* ReactiveCocoa.framework in Frameworks */ = {isa = PBXBuildFile; fileRef = D0872087169E328F00016ACA /* ReactiveCocoa.framework */; };
		D087209A169E32AE00016ACA /* Mantle.framework in CopyFiles */ = {isa = PBXBuildFile; fileRef = D0872069169E328B00016ACA /* Mantle.framework */; };
		D087209B169E32B000016ACA /* ReactiveCocoa.framework in CopyFiles */ = {isa = PBXBuildFile; fileRef = D0872087169E328F00016ACA /* ReactiveCocoa.framework */; };
		D08720A0169E32BB00016ACA /* libMantle.a in Frameworks */ = {isa = PBXBuildFile; fileRef = D087206D169E328B00016ACA /* libMantle.a */; };
		D08720A1169E32BB00016ACA /* libReactiveCocoa-iOS.a in Frameworks */ = {isa = PBXBuildFile; fileRef = D0872089169E328F00016ACA /* libReactiveCocoa-iOS.a */; };
		D08720A3169E332800016ACA /* AppKit.framework in Frameworks */ = {isa = PBXBuildFile; fileRef = D08720A2169E332800016ACA /* AppKit.framework */; };
		D08720A5169E332E00016ACA /* SystemConfiguration.framework in Frameworks */ = {isa = PBXBuildFile; fileRef = D08720A4169E332E00016ACA /* SystemConfiguration.framework */; };
		D08720A7169E333800016ACA /* SystemConfiguration.framework in Frameworks */ = {isa = PBXBuildFile; fileRef = D08720A6169E333800016ACA /* SystemConfiguration.framework */; };
		D08720A9169E333B00016ACA /* UIKit.framework in Frameworks */ = {isa = PBXBuildFile; fileRef = D08720A8169E333B00016ACA /* UIKit.framework */; };
		D08720AB169E338D00016ACA /* MobileCoreServices.framework in Frameworks */ = {isa = PBXBuildFile; fileRef = D08720AA169E338D00016ACA /* MobileCoreServices.framework */; };
/* End PBXBuildFile section */

/* Begin PBXContainerItemProxy section */
		D0871EC4169E2EFC00016ACA /* PBXContainerItemProxy */ = {
			isa = PBXContainerItemProxy;
			containerPortal = D0871E9E169E2EFC00016ACA /* Project object */;
			proxyType = 1;
			remoteGlobalIDString = D0871EA7169E2EFC00016ACA;
			remoteInfo = OctoClient;
		};
		D0871FF8169E309A00016ACA /* PBXContainerItemProxy */ = {
			isa = PBXContainerItemProxy;
			containerPortal = D0871E9E169E2EFC00016ACA /* Project object */;
			proxyType = 1;
			remoteGlobalIDString = D0871FE3169E309900016ACA;
			remoteInfo = OctoClient;
		};
		D0872068169E328B00016ACA /* PBXContainerItemProxy */ = {
			isa = PBXContainerItemProxy;
			containerPortal = D0872056169E328A00016ACA /* Mantle.xcodeproj */;
			proxyType = 2;
			remoteGlobalIDString = D042FC3C15F72B23004E8054;
			remoteInfo = "Mantle Mac";
		};
		D087206A169E328B00016ACA /* PBXContainerItemProxy */ = {
			isa = PBXContainerItemProxy;
			containerPortal = D0872056169E328A00016ACA /* Mantle.xcodeproj */;
			proxyType = 2;
			remoteGlobalIDString = D042FC5415F72B23004E8054;
			remoteInfo = "Mantle Mac Tests";
		};
		D087206C169E328B00016ACA /* PBXContainerItemProxy */ = {
			isa = PBXContainerItemProxy;
			containerPortal = D0872056169E328A00016ACA /* Mantle.xcodeproj */;
			proxyType = 2;
			remoteGlobalIDString = D042FC7915F72BC7004E8054;
			remoteInfo = "Mantle iOS";
		};
		D087206E169E328B00016ACA /* PBXContainerItemProxy */ = {
			isa = PBXContainerItemProxy;
			containerPortal = D0872056169E328A00016ACA /* Mantle.xcodeproj */;
			proxyType = 2;
			remoteGlobalIDString = D042FC8715F72BC7004E8054;
			remoteInfo = "Mantle iOS Tests";
		};
		D0872086169E328F00016ACA /* PBXContainerItemProxy */ = {
			isa = PBXContainerItemProxy;
			containerPortal = D0872075169E328E00016ACA /* ReactiveCocoa.xcodeproj */;
			proxyType = 2;
			remoteGlobalIDString = 88037F8315056328001A5B19;
			remoteInfo = ReactiveCocoa;
		};
		D0872088169E328F00016ACA /* PBXContainerItemProxy */ = {
			isa = PBXContainerItemProxy;
			containerPortal = D0872075169E328E00016ACA /* ReactiveCocoa.xcodeproj */;
			proxyType = 2;
			remoteGlobalIDString = 88F440AB153DAC820097B4C3;
			remoteInfo = "ReactiveCocoa-iOS";
		};
		D087208A169E328F00016ACA /* PBXContainerItemProxy */ = {
			isa = PBXContainerItemProxy;
			containerPortal = D0872075169E328E00016ACA /* ReactiveCocoa.xcodeproj */;
			proxyType = 2;
			remoteGlobalIDString = 88CDF7DC15000FCF00163A9F;
			remoteInfo = ReactiveCocoaTests;
		};
		D0872093169E329A00016ACA /* PBXContainerItemProxy */ = {
			isa = PBXContainerItemProxy;
			containerPortal = D0872056169E328A00016ACA /* Mantle.xcodeproj */;
			proxyType = 1;
			remoteGlobalIDString = D042FC3B15F72B23004E8054;
			remoteInfo = "Mantle Mac";
		};
		D0872095169E329A00016ACA /* PBXContainerItemProxy */ = {
			isa = PBXContainerItemProxy;
			containerPortal = D0872075169E328E00016ACA /* ReactiveCocoa.xcodeproj */;
			proxyType = 1;
			remoteGlobalIDString = 88037F8215056328001A5B19;
			remoteInfo = ReactiveCocoa;
		};
		D087209C169E32B600016ACA /* PBXContainerItemProxy */ = {
			isa = PBXContainerItemProxy;
			containerPortal = D0872056169E328A00016ACA /* Mantle.xcodeproj */;
			proxyType = 1;
			remoteGlobalIDString = D042FC7815F72BC7004E8054;
			remoteInfo = "Mantle iOS";
		};
		D087209E169E32B600016ACA /* PBXContainerItemProxy */ = {
			isa = PBXContainerItemProxy;
			containerPortal = D0872075169E328E00016ACA /* ReactiveCocoa.xcodeproj */;
			proxyType = 1;
			remoteGlobalIDString = 88F440AA153DAC820097B4C3;
			remoteInfo = "ReactiveCocoa-iOS";
		};
/* End PBXContainerItemProxy section */

/* Begin PBXCopyFilesBuildPhase section */
		D0872099169E32A200016ACA /* CopyFiles */ = {
			isa = PBXCopyFilesBuildPhase;
			buildActionMask = 2147483647;
			dstPath = "";
			dstSubfolderSpec = 10;
			files = (
				D087209A169E32AE00016ACA /* Mantle.framework in CopyFiles */,
				D087209B169E32B000016ACA /* ReactiveCocoa.framework in CopyFiles */,
			);
			runOnlyForDeploymentPostprocessing = 0;
		};
/* End PBXCopyFilesBuildPhase section */

/* Begin PBXFileReference section */
		D0871EA8169E2EFC00016ACA /* OctoClient.framework */ = {isa = PBXFileReference; explicitFileType = wrapper.framework; includeInIndex = 0; path = OctoClient.framework; sourceTree = BUILT_PRODUCTS_DIR; };
		D0871EB3169E2EFC00016ACA /* OctoClient-Info.plist */ = {isa = PBXFileReference; lastKnownFileType = text.plist.xml; path = "OctoClient-Info.plist"; sourceTree = "<group>"; };
		D0871EB5169E2EFC00016ACA /* en */ = {isa = PBXFileReference; lastKnownFileType = text.plist.strings; name = en; path = en.lproj/InfoPlist.strings; sourceTree = "<group>"; };
		D0871EB7169E2EFC00016ACA /* OctoClient-Prefix.pch */ = {isa = PBXFileReference; lastKnownFileType = sourcecode.c.h; path = "OctoClient-Prefix.pch"; sourceTree = "<group>"; };
		D0871EC0169E2EFC00016ACA /* OctoClient Mac Tests.octest */ = {isa = PBXFileReference; explicitFileType = wrapper.cfbundle; includeInIndex = 0; path = "OctoClient Mac Tests.octest"; sourceTree = BUILT_PRODUCTS_DIR; };
		D0871EC1169E2EFC00016ACA /* SenTestingKit.framework */ = {isa = PBXFileReference; lastKnownFileType = wrapper.framework; name = SenTestingKit.framework; path = Library/Frameworks/SenTestingKit.framework; sourceTree = DEVELOPER_DIR; };
		D0871EC9169E2EFC00016ACA /* OctoClientTests-Info.plist */ = {isa = PBXFileReference; lastKnownFileType = text.plist.xml; path = "OctoClientTests-Info.plist"; sourceTree = "<group>"; };
		D0871ECB169E2EFC00016ACA /* en */ = {isa = PBXFileReference; lastKnownFileType = text.plist.strings; name = en; path = en.lproj/InfoPlist.strings; sourceTree = "<group>"; };
		D0871FB9169E2FF500016ACA /* Common.xcconfig */ = {isa = PBXFileReference; lastKnownFileType = text.xcconfig; path = Common.xcconfig; sourceTree = "<group>"; };
		D0871FBB169E2FF500016ACA /* Debug.xcconfig */ = {isa = PBXFileReference; lastKnownFileType = text.xcconfig; path = Debug.xcconfig; sourceTree = "<group>"; };
		D0871FBC169E2FF500016ACA /* Profile.xcconfig */ = {isa = PBXFileReference; lastKnownFileType = text.xcconfig; path = Profile.xcconfig; sourceTree = "<group>"; };
		D0871FBD169E2FF500016ACA /* Release.xcconfig */ = {isa = PBXFileReference; lastKnownFileType = text.xcconfig; path = Release.xcconfig; sourceTree = "<group>"; };
		D0871FBF169E2FF500016ACA /* Application.xcconfig */ = {isa = PBXFileReference; lastKnownFileType = text.xcconfig; path = Application.xcconfig; sourceTree = "<group>"; };
		D0871FC0169E2FF500016ACA /* StaticLibrary.xcconfig */ = {isa = PBXFileReference; lastKnownFileType = text.xcconfig; path = StaticLibrary.xcconfig; sourceTree = "<group>"; };
		D0871FC2169E2FF500016ACA /* iOS-Application.xcconfig */ = {isa = PBXFileReference; lastKnownFileType = text.xcconfig; path = "iOS-Application.xcconfig"; sourceTree = "<group>"; };
		D0871FC3169E2FF500016ACA /* iOS-Base.xcconfig */ = {isa = PBXFileReference; lastKnownFileType = text.xcconfig; path = "iOS-Base.xcconfig"; sourceTree = "<group>"; };
		D0871FC4169E2FF500016ACA /* iOS-StaticLibrary.xcconfig */ = {isa = PBXFileReference; lastKnownFileType = text.xcconfig; path = "iOS-StaticLibrary.xcconfig"; sourceTree = "<group>"; };
		D0871FC6169E2FF500016ACA /* Mac-Application.xcconfig */ = {isa = PBXFileReference; lastKnownFileType = text.xcconfig; path = "Mac-Application.xcconfig"; sourceTree = "<group>"; };
		D0871FC7169E2FF500016ACA /* Mac-Base.xcconfig */ = {isa = PBXFileReference; lastKnownFileType = text.xcconfig; path = "Mac-Base.xcconfig"; sourceTree = "<group>"; };
		D0871FC8169E2FF500016ACA /* Mac-DynamicLibrary.xcconfig */ = {isa = PBXFileReference; lastKnownFileType = text.xcconfig; path = "Mac-DynamicLibrary.xcconfig"; sourceTree = "<group>"; };
		D0871FC9169E2FF500016ACA /* Mac-Framework.xcconfig */ = {isa = PBXFileReference; lastKnownFileType = text.xcconfig; path = "Mac-Framework.xcconfig"; sourceTree = "<group>"; };
		D0871FCA169E2FF500016ACA /* Mac-StaticLibrary.xcconfig */ = {isa = PBXFileReference; lastKnownFileType = text.xcconfig; path = "Mac-StaticLibrary.xcconfig"; sourceTree = "<group>"; };
		D0871FCB169E2FF500016ACA /* README.md */ = {isa = PBXFileReference; lastKnownFileType = text; path = README.md; sourceTree = "<group>"; };
		D0871FE4169E309900016ACA /* libOctoClient.a */ = {isa = PBXFileReference; explicitFileType = archive.ar; includeInIndex = 0; path = libOctoClient.a; sourceTree = BUILT_PRODUCTS_DIR; };
		D0871FF3169E309A00016ACA /* OctoClient iOS Tests.octest */ = {isa = PBXFileReference; explicitFileType = wrapper.cfbundle; includeInIndex = 0; path = "OctoClient iOS Tests.octest"; sourceTree = BUILT_PRODUCTS_DIR; };
		D087200F169E31C000016ACA /* Foundation.framework */ = {isa = PBXFileReference; lastKnownFileType = wrapper.framework; name = Foundation.framework; path = System/Library/Frameworks/Foundation.framework; sourceTree = SDKROOT; };
		D0872011169E31C800016ACA /* Foundation.framework */ = {isa = PBXFileReference; lastKnownFileType = wrapper.framework; name = Foundation.framework; path = Platforms/iPhoneOS.platform/Developer/SDKs/iPhoneOS6.0.sdk/System/Library/Frameworks/Foundation.framework; sourceTree = DEVELOPER_DIR; };
		D087201D169E326800016ACA /* AFHTTPClient.h */ = {isa = PBXFileReference; fileEncoding = 4; lastKnownFileType = sourcecode.c.h; path = AFHTTPClient.h; sourceTree = "<group>"; };
		D087201E169E326800016ACA /* AFHTTPClient.m */ = {isa = PBXFileReference; fileEncoding = 4; lastKnownFileType = sourcecode.c.objc; path = AFHTTPClient.m; sourceTree = "<group>"; };
		D087201F169E326800016ACA /* AFHTTPRequestOperation.h */ = {isa = PBXFileReference; fileEncoding = 4; lastKnownFileType = sourcecode.c.h; path = AFHTTPRequestOperation.h; sourceTree = "<group>"; };
		D0872020169E326800016ACA /* AFHTTPRequestOperation.m */ = {isa = PBXFileReference; fileEncoding = 4; lastKnownFileType = sourcecode.c.objc; path = AFHTTPRequestOperation.m; sourceTree = "<group>"; };
		D0872021169E326800016ACA /* AFImageRequestOperation.h */ = {isa = PBXFileReference; fileEncoding = 4; lastKnownFileType = sourcecode.c.h; path = AFImageRequestOperation.h; sourceTree = "<group>"; };
		D0872022169E326800016ACA /* AFImageRequestOperation.m */ = {isa = PBXFileReference; fileEncoding = 4; lastKnownFileType = sourcecode.c.objc; path = AFImageRequestOperation.m; sourceTree = "<group>"; };
		D0872023169E326800016ACA /* AFJSONRequestOperation.h */ = {isa = PBXFileReference; fileEncoding = 4; lastKnownFileType = sourcecode.c.h; path = AFJSONRequestOperation.h; sourceTree = "<group>"; };
		D0872024169E326800016ACA /* AFJSONRequestOperation.m */ = {isa = PBXFileReference; fileEncoding = 4; lastKnownFileType = sourcecode.c.objc; path = AFJSONRequestOperation.m; sourceTree = "<group>"; };
		D0872025169E326800016ACA /* AFNetworkActivityIndicatorManager.h */ = {isa = PBXFileReference; fileEncoding = 4; lastKnownFileType = sourcecode.c.h; path = AFNetworkActivityIndicatorManager.h; sourceTree = "<group>"; };
		D0872026169E326800016ACA /* AFNetworkActivityIndicatorManager.m */ = {isa = PBXFileReference; fileEncoding = 4; lastKnownFileType = sourcecode.c.objc; path = AFNetworkActivityIndicatorManager.m; sourceTree = "<group>"; };
		D0872027169E326800016ACA /* AFNetworking.h */ = {isa = PBXFileReference; fileEncoding = 4; lastKnownFileType = sourcecode.c.h; path = AFNetworking.h; sourceTree = "<group>"; };
		D0872028169E326800016ACA /* AFPropertyListRequestOperation.h */ = {isa = PBXFileReference; fileEncoding = 4; lastKnownFileType = sourcecode.c.h; path = AFPropertyListRequestOperation.h; sourceTree = "<group>"; };
		D0872029169E326800016ACA /* AFPropertyListRequestOperation.m */ = {isa = PBXFileReference; fileEncoding = 4; lastKnownFileType = sourcecode.c.objc; path = AFPropertyListRequestOperation.m; sourceTree = "<group>"; };
		D087202A169E326800016ACA /* AFURLConnectionOperation.h */ = {isa = PBXFileReference; fileEncoding = 4; lastKnownFileType = sourcecode.c.h; path = AFURLConnectionOperation.h; sourceTree = "<group>"; };
		D087202B169E326800016ACA /* AFURLConnectionOperation.m */ = {isa = PBXFileReference; fileEncoding = 4; lastKnownFileType = sourcecode.c.objc; path = AFURLConnectionOperation.m; sourceTree = "<group>"; };
		D087202C169E326800016ACA /* AFXMLRequestOperation.h */ = {isa = PBXFileReference; fileEncoding = 4; lastKnownFileType = sourcecode.c.h; path = AFXMLRequestOperation.h; sourceTree = "<group>"; };
		D087202D169E326800016ACA /* AFXMLRequestOperation.m */ = {isa = PBXFileReference; fileEncoding = 4; lastKnownFileType = sourcecode.c.objc; path = AFXMLRequestOperation.m; sourceTree = "<group>"; };
		D087202E169E326800016ACA /* UIImageView+AFNetworking.h */ = {isa = PBXFileReference; fileEncoding = 4; lastKnownFileType = sourcecode.c.h; path = "UIImageView+AFNetworking.h"; sourceTree = "<group>"; };
		D087202F169E326800016ACA /* UIImageView+AFNetworking.m */ = {isa = PBXFileReference; fileEncoding = 4; lastKnownFileType = sourcecode.c.objc; path = "UIImageView+AFNetworking.m"; sourceTree = "<group>"; };
		D0872056169E328A00016ACA /* Mantle.xcodeproj */ = {isa = PBXFileReference; lastKnownFileType = "wrapper.pb-project"; name = Mantle.xcodeproj; path = External/Mantle/Mantle.xcodeproj; sourceTree = "<group>"; };
		D0872075169E328E00016ACA /* ReactiveCocoa.xcodeproj */ = {isa = PBXFileReference; lastKnownFileType = "wrapper.pb-project"; name = ReactiveCocoa.xcodeproj; path = External/ReactiveCocoa/ReactiveCocoaFramework/ReactiveCocoa.xcodeproj; sourceTree = "<group>"; };
		D08720A2169E332800016ACA /* AppKit.framework */ = {isa = PBXFileReference; lastKnownFileType = wrapper.framework; name = AppKit.framework; path = System/Library/Frameworks/AppKit.framework; sourceTree = SDKROOT; };
		D08720A4169E332E00016ACA /* SystemConfiguration.framework */ = {isa = PBXFileReference; lastKnownFileType = wrapper.framework; name = SystemConfiguration.framework; path = System/Library/Frameworks/SystemConfiguration.framework; sourceTree = SDKROOT; };
		D08720A6169E333800016ACA /* SystemConfiguration.framework */ = {isa = PBXFileReference; lastKnownFileType = wrapper.framework; name = SystemConfiguration.framework; path = Platforms/iPhoneOS.platform/Developer/SDKs/iPhoneOS6.0.sdk/System/Library/Frameworks/SystemConfiguration.framework; sourceTree = DEVELOPER_DIR; };
		D08720A8169E333B00016ACA /* UIKit.framework */ = {isa = PBXFileReference; lastKnownFileType = wrapper.framework; name = UIKit.framework; path = Platforms/iPhoneOS.platform/Developer/SDKs/iPhoneOS6.0.sdk/System/Library/Frameworks/UIKit.framework; sourceTree = DEVELOPER_DIR; };
		D08720AA169E338D00016ACA /* MobileCoreServices.framework */ = {isa = PBXFileReference; lastKnownFileType = wrapper.framework; name = MobileCoreServices.framework; path = Platforms/iPhoneOS.platform/Developer/SDKs/iPhoneOS6.0.sdk/System/Library/Frameworks/MobileCoreServices.framework; sourceTree = DEVELOPER_DIR; };
/* End PBXFileReference section */

/* Begin PBXFrameworksBuildPhase section */
		D0871EA4169E2EFC00016ACA /* Frameworks */ = {
			isa = PBXFrameworksBuildPhase;
			buildActionMask = 2147483647;
			files = (
				D08720A5169E332E00016ACA /* SystemConfiguration.framework in Frameworks */,
				D08720A3169E332800016ACA /* AppKit.framework in Frameworks */,
				D0872097169E32A000016ACA /* Mantle.framework in Frameworks */,
				D0872098169E32A000016ACA /* ReactiveCocoa.framework in Frameworks */,
				D0872010169E31C000016ACA /* Foundation.framework in Frameworks */,
			);
			runOnlyForDeploymentPostprocessing = 0;
		};
		D0871EBC169E2EFC00016ACA /* Frameworks */ = {
			isa = PBXFrameworksBuildPhase;
			buildActionMask = 2147483647;
			files = (
				D0871EC2169E2EFC00016ACA /* SenTestingKit.framework in Frameworks */,
				D0871EC6169E2EFC00016ACA /* OctoClient.framework in Frameworks */,
			);
			runOnlyForDeploymentPostprocessing = 0;
		};
		D0871FE1169E309900016ACA /* Frameworks */ = {
			isa = PBXFrameworksBuildPhase;
			buildActionMask = 2147483647;
			files = (
				D08720AB169E338D00016ACA /* MobileCoreServices.framework in Frameworks */,
				D08720A9169E333B00016ACA /* UIKit.framework in Frameworks */,
				D08720A7169E333800016ACA /* SystemConfiguration.framework in Frameworks */,
				D08720A0169E32BB00016ACA /* libMantle.a in Frameworks */,
				D08720A1169E32BB00016ACA /* libReactiveCocoa-iOS.a in Frameworks */,
				D0872012169E31C800016ACA /* Foundation.framework in Frameworks */,
			);
			runOnlyForDeploymentPostprocessing = 0;
		};
		D0871FEF169E309A00016ACA /* Frameworks */ = {
			isa = PBXFrameworksBuildPhase;
			buildActionMask = 2147483647;
			files = (
				D0871FF4169E309A00016ACA /* SenTestingKit.framework in Frameworks */,
				D0871FFA169E309A00016ACA /* libOctoClient.a in Frameworks */,
			);
			runOnlyForDeploymentPostprocessing = 0;
		};
/* End PBXFrameworksBuildPhase section */

/* Begin PBXGroup section */
		D0871E9C169E2EFC00016ACA = {
			isa = PBXGroup;
			children = (
				D0871EB1169E2EFC00016ACA /* OctoClient */,
				D0871EC7169E2EFC00016ACA /* OctoClientTests */,
				D0871EAA169E2EFC00016ACA /* Frameworks */,
				D0871FB7169E2FF500016ACA /* Configuration */,
				D0871EA9169E2EFC00016ACA /* Products */,
			);
			sourceTree = "<group>";
		};
		D0871EA9169E2EFC00016ACA /* Products */ = {
			isa = PBXGroup;
			children = (
				D0871EA8169E2EFC00016ACA /* OctoClient.framework */,
				D0871EC0169E2EFC00016ACA /* OctoClient Mac Tests.octest */,
				D0871FE4169E309900016ACA /* libOctoClient.a */,
				D0871FF3169E309A00016ACA /* OctoClient iOS Tests.octest */,
			);
			name = Products;
			sourceTree = "<group>";
		};
		D0871EAA169E2EFC00016ACA /* Frameworks */ = {
			isa = PBXGroup;
			children = (
				D087201C169E326800016ACA /* AFNetworking */,
				D0871F81169E2FE600016ACA /* libextobjc */,
				D0872056169E328A00016ACA /* Mantle.xcodeproj */,
				D0872075169E328E00016ACA /* ReactiveCocoa.xcodeproj */,
				D08720A2169E332800016ACA /* AppKit.framework */,
				D087200F169E31C000016ACA /* Foundation.framework */,
				D0872011169E31C800016ACA /* Foundation.framework */,
				D08720AA169E338D00016ACA /* MobileCoreServices.framework */,
				D0871EC1169E2EFC00016ACA /* SenTestingKit.framework */,
				D08720A4169E332E00016ACA /* SystemConfiguration.framework */,
				D08720A6169E333800016ACA /* SystemConfiguration.framework */,
				D08720A8169E333B00016ACA /* UIKit.framework */,
			);
			name = Frameworks;
			sourceTree = "<group>";
		};
		D0871EB1169E2EFC00016ACA /* OctoClient */ = {
			isa = PBXGroup;
			children = (
				D0871EB2169E2EFC00016ACA /* Supporting Files */,
			);
			path = OctoClient;
			sourceTree = "<group>";
		};
		D0871EB2169E2EFC00016ACA /* Supporting Files */ = {
			isa = PBXGroup;
			children = (
				D0871EB3169E2EFC00016ACA /* OctoClient-Info.plist */,
				D0871EB4169E2EFC00016ACA /* InfoPlist.strings */,
				D0871EB7169E2EFC00016ACA /* OctoClient-Prefix.pch */,
			);
			name = "Supporting Files";
			sourceTree = "<group>";
		};
		D0871EC7169E2EFC00016ACA /* OctoClientTests */ = {
			isa = PBXGroup;
			children = (
				D0871EC8169E2EFC00016ACA /* Supporting Files */,
			);
			path = OctoClientTests;
			sourceTree = "<group>";
		};
		D0871EC8169E2EFC00016ACA /* Supporting Files */ = {
			isa = PBXGroup;
			children = (
				D0871EC9169E2EFC00016ACA /* OctoClientTests-Info.plist */,
				D0871ECA169E2EFC00016ACA /* InfoPlist.strings */,
			);
			name = "Supporting Files";
			sourceTree = "<group>";
		};
		D0871F81169E2FE600016ACA /* libextobjc */ = {
			isa = PBXGroup;
			children = (
			);
			name = libextobjc;
			path = External/Mantle/libextobjc/extobjc;
			sourceTree = "<group>";
		};
		D0871FB7169E2FF500016ACA /* Configuration */ = {
			isa = PBXGroup;
			children = (
				D0871FB8169E2FF500016ACA /* Base */,
				D0871FC1169E2FF500016ACA /* iOS */,
				D0871FC5169E2FF500016ACA /* Mac OS X */,
				D0871FCB169E2FF500016ACA /* README.md */,
			);
			name = Configuration;
			path = External/Mantle/libextobjc/Configuration;
			sourceTree = "<group>";
		};
		D0871FB8169E2FF500016ACA /* Base */ = {
			isa = PBXGroup;
			children = (
				D0871FB9169E2FF500016ACA /* Common.xcconfig */,
				D0871FBA169E2FF500016ACA /* Configurations */,
				D0871FBE169E2FF500016ACA /* Targets */,
			);
			path = Base;
			sourceTree = "<group>";
		};
		D0871FBA169E2FF500016ACA /* Configurations */ = {
			isa = PBXGroup;
			children = (
				D0871FBB169E2FF500016ACA /* Debug.xcconfig */,
				D0871FBC169E2FF500016ACA /* Profile.xcconfig */,
				D0871FBD169E2FF500016ACA /* Release.xcconfig */,
			);
			path = Configurations;
			sourceTree = "<group>";
		};
		D0871FBE169E2FF500016ACA /* Targets */ = {
			isa = PBXGroup;
			children = (
				D0871FBF169E2FF500016ACA /* Application.xcconfig */,
				D0871FC0169E2FF500016ACA /* StaticLibrary.xcconfig */,
			);
			path = Targets;
			sourceTree = "<group>";
		};
		D0871FC1169E2FF500016ACA /* iOS */ = {
			isa = PBXGroup;
			children = (
				D0871FC2169E2FF500016ACA /* iOS-Application.xcconfig */,
				D0871FC3169E2FF500016ACA /* iOS-Base.xcconfig */,
				D0871FC4169E2FF500016ACA /* iOS-StaticLibrary.xcconfig */,
			);
			path = iOS;
			sourceTree = "<group>";
		};
		D0871FC5169E2FF500016ACA /* Mac OS X */ = {
			isa = PBXGroup;
			children = (
				D0871FC6169E2FF500016ACA /* Mac-Application.xcconfig */,
				D0871FC7169E2FF500016ACA /* Mac-Base.xcconfig */,
				D0871FC8169E2FF500016ACA /* Mac-DynamicLibrary.xcconfig */,
				D0871FC9169E2FF500016ACA /* Mac-Framework.xcconfig */,
				D0871FCA169E2FF500016ACA /* Mac-StaticLibrary.xcconfig */,
			);
			path = "Mac OS X";
			sourceTree = "<group>";
		};
		D087201C169E326800016ACA /* AFNetworking */ = {
			isa = PBXGroup;
			children = (
				D087201D169E326800016ACA /* AFHTTPClient.h */,
				D087201E169E326800016ACA /* AFHTTPClient.m */,
				D087201F169E326800016ACA /* AFHTTPRequestOperation.h */,
				D0872020169E326800016ACA /* AFHTTPRequestOperation.m */,
				D0872021169E326800016ACA /* AFImageRequestOperation.h */,
				D0872022169E326800016ACA /* AFImageRequestOperation.m */,
				D0872023169E326800016ACA /* AFJSONRequestOperation.h */,
				D0872024169E326800016ACA /* AFJSONRequestOperation.m */,
				D0872025169E326800016ACA /* AFNetworkActivityIndicatorManager.h */,
				D0872026169E326800016ACA /* AFNetworkActivityIndicatorManager.m */,
				D0872027169E326800016ACA /* AFNetworking.h */,
				D0872028169E326800016ACA /* AFPropertyListRequestOperation.h */,
				D0872029169E326800016ACA /* AFPropertyListRequestOperation.m */,
				D087202A169E326800016ACA /* AFURLConnectionOperation.h */,
				D087202B169E326800016ACA /* AFURLConnectionOperation.m */,
				D087202C169E326800016ACA /* AFXMLRequestOperation.h */,
				D087202D169E326800016ACA /* AFXMLRequestOperation.m */,
				D087202E169E326800016ACA /* UIImageView+AFNetworking.h */,
				D087202F169E326800016ACA /* UIImageView+AFNetworking.m */,
			);
			name = AFNetworking;
			path = External/AFNetworking/AFNetworking;
			sourceTree = "<group>";
		};
		D0872057169E328A00016ACA /* Products */ = {
			isa = PBXGroup;
			children = (
				D0872069169E328B00016ACA /* Mantle.framework */,
				D087206B169E328B00016ACA /* Mantle Mac Tests.octest */,
				D087206D169E328B00016ACA /* libMantle.a */,
				D087206F169E328B00016ACA /* Mantle iOS Tests.octest */,
			);
			name = Products;
			sourceTree = "<group>";
		};
		D0872076169E328E00016ACA /* Products */ = {
			isa = PBXGroup;
			children = (
				D0872087169E328F00016ACA /* ReactiveCocoa.framework */,
				D0872089169E328F00016ACA /* libReactiveCocoa-iOS.a */,
				D087208B169E328F00016ACA /* ReactiveCocoaTests.octest */,
			);
			name = Products;
			sourceTree = "<group>";
		};
/* End PBXGroup section */

/* Begin PBXHeadersBuildPhase section */
		D0871EA5169E2EFC00016ACA /* Headers */ = {
			isa = PBXHeadersBuildPhase;
			buildActionMask = 2147483647;
			files = (
				D0872030169E326800016ACA /* AFHTTPClient.h in Headers */,
				D0872034169E326800016ACA /* AFHTTPRequestOperation.h in Headers */,
				D0872038169E326800016ACA /* AFImageRequestOperation.h in Headers */,
				D087203C169E326800016ACA /* AFJSONRequestOperation.h in Headers */,
				D0872040169E326800016ACA /* AFNetworkActivityIndicatorManager.h in Headers */,
				D0872044169E326800016ACA /* AFNetworking.h in Headers */,
				D0872046169E326800016ACA /* AFPropertyListRequestOperation.h in Headers */,
				D087204A169E326800016ACA /* AFURLConnectionOperation.h in Headers */,
				D087204E169E326800016ACA /* AFXMLRequestOperation.h in Headers */,
				D0872052169E326800016ACA /* UIImageView+AFNetworking.h in Headers */,
			);
			runOnlyForDeploymentPostprocessing = 0;
		};
		D0872013169E31D300016ACA /* Headers */ = {
			isa = PBXHeadersBuildPhase;
			buildActionMask = 2147483647;
			files = (
				D0872031169E326800016ACA /* AFHTTPClient.h in Headers */,
				D0872035169E326800016ACA /* AFHTTPRequestOperation.h in Headers */,
				D0872039169E326800016ACA /* AFImageRequestOperation.h in Headers */,
				D087203D169E326800016ACA /* AFJSONRequestOperation.h in Headers */,
				D0872041169E326800016ACA /* AFNetworkActivityIndicatorManager.h in Headers */,
				D0872045169E326800016ACA /* AFNetworking.h in Headers */,
				D0872047169E326800016ACA /* AFPropertyListRequestOperation.h in Headers */,
				D087204B169E326800016ACA /* AFURLConnectionOperation.h in Headers */,
				D087204F169E326800016ACA /* AFXMLRequestOperation.h in Headers */,
				D0872053169E326800016ACA /* UIImageView+AFNetworking.h in Headers */,
			);
			runOnlyForDeploymentPostprocessing = 0;
		};
/* End PBXHeadersBuildPhase section */

/* Begin PBXNativeTarget section */
		D0871EA7169E2EFC00016ACA /* OctoClient Mac */ = {
			isa = PBXNativeTarget;
			buildConfigurationList = D0871ED2169E2EFC00016ACA /* Build configuration list for PBXNativeTarget "OctoClient Mac" */;
			buildPhases = (
				D0871EA3169E2EFC00016ACA /* Sources */,
				D0871EA4169E2EFC00016ACA /* Frameworks */,
				D0871EA5169E2EFC00016ACA /* Headers */,
				D0871EA6169E2EFC00016ACA /* Resources */,
				D0872099169E32A200016ACA /* CopyFiles */,
			);
			buildRules = (
			);
			dependencies = (
				D0872094169E329A00016ACA /* PBXTargetDependency */,
				D0872096169E329A00016ACA /* PBXTargetDependency */,
			);
			name = "OctoClient Mac";
			productName = OctoClient;
			productReference = D0871EA8169E2EFC00016ACA /* OctoClient.framework */;
			productType = "com.apple.product-type.framework";
		};
		D0871EBF169E2EFC00016ACA /* OctoClient Mac Tests */ = {
			isa = PBXNativeTarget;
			buildConfigurationList = D0871ED5169E2EFC00016ACA /* Build configuration list for PBXNativeTarget "OctoClient Mac Tests" */;
			buildPhases = (
				D0871EBB169E2EFC00016ACA /* Sources */,
				D0871EBC169E2EFC00016ACA /* Frameworks */,
				D0871EBD169E2EFC00016ACA /* Resources */,
				D0871EBE169E2EFC00016ACA /* ShellScript */,
			);
			buildRules = (
			);
			dependencies = (
				D0871EC5169E2EFC00016ACA /* PBXTargetDependency */,
			);
			name = "OctoClient Mac Tests";
			productName = OctoClientTests;
			productReference = D0871EC0169E2EFC00016ACA /* OctoClient Mac Tests.octest */;
			productType = "com.apple.product-type.bundle";
		};
		D0871FE3169E309900016ACA /* OctoClient iOS */ = {
			isa = PBXNativeTarget;
			buildConfigurationList = D0872004169E309A00016ACA /* Build configuration list for PBXNativeTarget "OctoClient iOS" */;
			buildPhases = (
				D0871FE0169E309900016ACA /* Sources */,
				D0871FE1169E309900016ACA /* Frameworks */,
				D0872013169E31D300016ACA /* Headers */,
			);
			buildRules = (
			);
			dependencies = (
				D087209D169E32B600016ACA /* PBXTargetDependency */,
				D087209F169E32B600016ACA /* PBXTargetDependency */,
			);
			name = "OctoClient iOS";
			productName = OctoClient;
			productReference = D0871FE4169E309900016ACA /* libOctoClient.a */;
			productType = "com.apple.product-type.library.static";
		};
		D0871FF2169E309A00016ACA /* OctoClient iOS Tests */ = {
			isa = PBXNativeTarget;
			buildConfigurationList = D0872007169E309A00016ACA /* Build configuration list for PBXNativeTarget "OctoClient iOS Tests" */;
			buildPhases = (
				D0871FEE169E309A00016ACA /* Sources */,
				D0871FEF169E309A00016ACA /* Frameworks */,
				D0871FF0169E309A00016ACA /* Resources */,
				D0871FF1169E309A00016ACA /* ShellScript */,
			);
			buildRules = (
			);
			dependencies = (
				D0871FF9169E309A00016ACA /* PBXTargetDependency */,
			);
			name = "OctoClient iOS Tests";
			productName = OctoClientTests;
			productReference = D0871FF3169E309A00016ACA /* OctoClient iOS Tests.octest */;
			productType = "com.apple.product-type.bundle";
		};
/* End PBXNativeTarget section */

/* Begin PBXProject section */
		D0871E9E169E2EFC00016ACA /* Project object */ = {
			isa = PBXProject;
			attributes = {
				LastUpgradeCheck = 0450;
				ORGANIZATIONNAME = GitHub;
			};
			buildConfigurationList = D0871EA1169E2EFC00016ACA /* Build configuration list for PBXProject "OctoClient" */;
			compatibilityVersion = "Xcode 3.2";
			developmentRegion = English;
			hasScannedForEncodings = 0;
			knownRegions = (
				en,
			);
			mainGroup = D0871E9C169E2EFC00016ACA;
			productRefGroup = D0871EA9169E2EFC00016ACA /* Products */;
			projectDirPath = "";
			projectReferences = (
				{
					ProductGroup = D0872057169E328A00016ACA /* Products */;
					ProjectRef = D0872056169E328A00016ACA /* Mantle.xcodeproj */;
				},
				{
					ProductGroup = D0872076169E328E00016ACA /* Products */;
					ProjectRef = D0872075169E328E00016ACA /* ReactiveCocoa.xcodeproj */;
				},
			);
			projectRoot = "";
			targets = (
				D0871EA7169E2EFC00016ACA /* OctoClient Mac */,
				D0871EBF169E2EFC00016ACA /* OctoClient Mac Tests */,
				D0871FE3169E309900016ACA /* OctoClient iOS */,
				D0871FF2169E309A00016ACA /* OctoClient iOS Tests */,
			);
		};
/* End PBXProject section */

/* Begin PBXReferenceProxy section */
		D0872069169E328B00016ACA /* Mantle.framework */ = {
			isa = PBXReferenceProxy;
			fileType = wrapper.framework;
			path = Mantle.framework;
			remoteRef = D0872068169E328B00016ACA /* PBXContainerItemProxy */;
			sourceTree = BUILT_PRODUCTS_DIR;
		};
		D087206B169E328B00016ACA /* Mantle Mac Tests.octest */ = {
			isa = PBXReferenceProxy;
			fileType = wrapper.cfbundle;
			path = "Mantle Mac Tests.octest";
			remoteRef = D087206A169E328B00016ACA /* PBXContainerItemProxy */;
			sourceTree = BUILT_PRODUCTS_DIR;
		};
		D087206D169E328B00016ACA /* libMantle.a */ = {
			isa = PBXReferenceProxy;
			fileType = archive.ar;
			path = libMantle.a;
			remoteRef = D087206C169E328B00016ACA /* PBXContainerItemProxy */;
			sourceTree = BUILT_PRODUCTS_DIR;
		};
		D087206F169E328B00016ACA /* Mantle iOS Tests.octest */ = {
			isa = PBXReferenceProxy;
			fileType = wrapper.cfbundle;
			path = "Mantle iOS Tests.octest";
			remoteRef = D087206E169E328B00016ACA /* PBXContainerItemProxy */;
			sourceTree = BUILT_PRODUCTS_DIR;
		};
		D0872087169E328F00016ACA /* ReactiveCocoa.framework */ = {
			isa = PBXReferenceProxy;
			fileType = wrapper.framework;
			path = ReactiveCocoa.framework;
			remoteRef = D0872086169E328F00016ACA /* PBXContainerItemProxy */;
			sourceTree = BUILT_PRODUCTS_DIR;
		};
		D0872089169E328F00016ACA /* libReactiveCocoa-iOS.a */ = {
			isa = PBXReferenceProxy;
			fileType = archive.ar;
			path = "libReactiveCocoa-iOS.a";
			remoteRef = D0872088169E328F00016ACA /* PBXContainerItemProxy */;
			sourceTree = BUILT_PRODUCTS_DIR;
		};
		D087208B169E328F00016ACA /* ReactiveCocoaTests.octest */ = {
			isa = PBXReferenceProxy;
			fileType = wrapper.cfbundle;
			path = ReactiveCocoaTests.octest;
			remoteRef = D087208A169E328F00016ACA /* PBXContainerItemProxy */;
			sourceTree = BUILT_PRODUCTS_DIR;
		};
/* End PBXReferenceProxy section */

/* Begin PBXResourcesBuildPhase section */
		D0871EA6169E2EFC00016ACA /* Resources */ = {
			isa = PBXResourcesBuildPhase;
			buildActionMask = 2147483647;
			files = (
				D0871EB6169E2EFC00016ACA /* InfoPlist.strings in Resources */,
			);
			runOnlyForDeploymentPostprocessing = 0;
		};
		D0871EBD169E2EFC00016ACA /* Resources */ = {
			isa = PBXResourcesBuildPhase;
			buildActionMask = 2147483647;
			files = (
				D0871ECC169E2EFC00016ACA /* InfoPlist.strings in Resources */,
			);
			runOnlyForDeploymentPostprocessing = 0;
		};
		D0871FF0169E309A00016ACA /* Resources */ = {
			isa = PBXResourcesBuildPhase;
			buildActionMask = 2147483647;
			files = (
			);
			runOnlyForDeploymentPostprocessing = 0;
		};
/* End PBXResourcesBuildPhase section */

/* Begin PBXShellScriptBuildPhase section */
		D0871EBE169E2EFC00016ACA /* ShellScript */ = {
			isa = PBXShellScriptBuildPhase;
			buildActionMask = 2147483647;
			files = (
			);
			inputPaths = (
			);
			outputPaths = (
			);
			runOnlyForDeploymentPostprocessing = 0;
			shellPath = /bin/sh;
			shellScript = "# Run the unit tests in this test bundle.\n\"${SYSTEM_DEVELOPER_DIR}/Tools/RunUnitTests\"\n";
		};
		D0871FF1169E309A00016ACA /* ShellScript */ = {
			isa = PBXShellScriptBuildPhase;
			buildActionMask = 2147483647;
			files = (
			);
			inputPaths = (
			);
			outputPaths = (
			);
			runOnlyForDeploymentPostprocessing = 0;
			shellPath = /bin/sh;
			shellScript = "# Run the unit tests in this test bundle.\n\"${SYSTEM_DEVELOPER_DIR}/Tools/RunUnitTests\"\n";
		};
/* End PBXShellScriptBuildPhase section */

/* Begin PBXSourcesBuildPhase section */
		D0871EA3169E2EFC00016ACA /* Sources */ = {
			isa = PBXSourcesBuildPhase;
			buildActionMask = 2147483647;
			files = (
				D0872032169E326800016ACA /* AFHTTPClient.m in Sources */,
				D0872036169E326800016ACA /* AFHTTPRequestOperation.m in Sources */,
				D087203A169E326800016ACA /* AFImageRequestOperation.m in Sources */,
				D087203E169E326800016ACA /* AFJSONRequestOperation.m in Sources */,
				D0872042169E326800016ACA /* AFNetworkActivityIndicatorManager.m in Sources */,
				D0872048169E326800016ACA /* AFPropertyListRequestOperation.m in Sources */,
				D087204C169E326800016ACA /* AFURLConnectionOperation.m in Sources */,
				D0872050169E326800016ACA /* AFXMLRequestOperation.m in Sources */,
				D0872054169E326800016ACA /* UIImageView+AFNetworking.m in Sources */,
			);
			runOnlyForDeploymentPostprocessing = 0;
		};
		D0871EBB169E2EFC00016ACA /* Sources */ = {
			isa = PBXSourcesBuildPhase;
			buildActionMask = 2147483647;
			files = (
			);
			runOnlyForDeploymentPostprocessing = 0;
		};
		D0871FE0169E309900016ACA /* Sources */ = {
			isa = PBXSourcesBuildPhase;
			buildActionMask = 2147483647;
			files = (
				D0872033169E326800016ACA /* AFHTTPClient.m in Sources */,
				D0872037169E326800016ACA /* AFHTTPRequestOperation.m in Sources */,
				D087203B169E326800016ACA /* AFImageRequestOperation.m in Sources */,
				D087203F169E326800016ACA /* AFJSONRequestOperation.m in Sources */,
				D0872043169E326800016ACA /* AFNetworkActivityIndicatorManager.m in Sources */,
				D0872049169E326800016ACA /* AFPropertyListRequestOperation.m in Sources */,
				D087204D169E326800016ACA /* AFURLConnectionOperation.m in Sources */,
				D0872051169E326800016ACA /* AFXMLRequestOperation.m in Sources */,
				D0872055169E326800016ACA /* UIImageView+AFNetworking.m in Sources */,
			);
			runOnlyForDeploymentPostprocessing = 0;
		};
		D0871FEE169E309A00016ACA /* Sources */ = {
			isa = PBXSourcesBuildPhase;
			buildActionMask = 2147483647;
			files = (
			);
			runOnlyForDeploymentPostprocessing = 0;
		};
/* End PBXSourcesBuildPhase section */

/* Begin PBXTargetDependency section */
		D0871EC5169E2EFC00016ACA /* PBXTargetDependency */ = {
			isa = PBXTargetDependency;
			target = D0871EA7169E2EFC00016ACA /* OctoClient Mac */;
			targetProxy = D0871EC4169E2EFC00016ACA /* PBXContainerItemProxy */;
		};
		D0871FF9169E309A00016ACA /* PBXTargetDependency */ = {
			isa = PBXTargetDependency;
			target = D0871FE3169E309900016ACA /* OctoClient iOS */;
			targetProxy = D0871FF8169E309A00016ACA /* PBXContainerItemProxy */;
		};
		D0872094169E329A00016ACA /* PBXTargetDependency */ = {
			isa = PBXTargetDependency;
			name = "Mantle Mac";
			targetProxy = D0872093169E329A00016ACA /* PBXContainerItemProxy */;
		};
		D0872096169E329A00016ACA /* PBXTargetDependency */ = {
			isa = PBXTargetDependency;
			name = ReactiveCocoa;
			targetProxy = D0872095169E329A00016ACA /* PBXContainerItemProxy */;
		};
		D087209D169E32B600016ACA /* PBXTargetDependency */ = {
			isa = PBXTargetDependency;
			name = "Mantle iOS";
			targetProxy = D087209C169E32B600016ACA /* PBXContainerItemProxy */;
		};
		D087209F169E32B600016ACA /* PBXTargetDependency */ = {
			isa = PBXTargetDependency;
			name = "ReactiveCocoa-iOS";
			targetProxy = D087209E169E32B600016ACA /* PBXContainerItemProxy */;
		};
/* End PBXTargetDependency section */

/* Begin PBXVariantGroup section */
		D0871EB4169E2EFC00016ACA /* InfoPlist.strings */ = {
			isa = PBXVariantGroup;
			children = (
				D0871EB5169E2EFC00016ACA /* en */,
			);
			name = InfoPlist.strings;
			sourceTree = "<group>";
		};
		D0871ECA169E2EFC00016ACA /* InfoPlist.strings */ = {
			isa = PBXVariantGroup;
			children = (
				D0871ECB169E2EFC00016ACA /* en */,
			);
			name = InfoPlist.strings;
			sourceTree = "<group>";
		};
/* End PBXVariantGroup section */

/* Begin XCBuildConfiguration section */
		D0871ED0169E2EFC00016ACA /* Debug */ = {
			isa = XCBuildConfiguration;
			baseConfigurationReference = D0871FBB169E2FF500016ACA /* Debug.xcconfig */;
			buildSettings = {
				ARCHS = "$(ARCHS_STANDARD_64_BIT)";
				CLANG_CXX_LANGUAGE_STANDARD = "gnu++0x";
				CLANG_CXX_LIBRARY = "libc++";
				GCC_C_LANGUAGE_STANDARD = gnu99;
				GCC_PREFIX_HEADER = "OctoClient/OctoClient-Prefix.pch";
				HEADER_SEARCH_PATHS = External/AFNetworking;
				IPHONEOS_DEPLOYMENT_TARGET = 5.1;
				MACOSX_DEPLOYMENT_TARGET = 10.7;
				PRODUCT_NAME = OctoClient;
				SDKROOT = macosx;
			};
			name = Debug;
		};
		D0871ED1169E2EFC00016ACA /* Release */ = {
			isa = XCBuildConfiguration;
			baseConfigurationReference = D0871FBD169E2FF500016ACA /* Release.xcconfig */;
			buildSettings = {
				ARCHS = "$(ARCHS_STANDARD_64_BIT)";
				CLANG_CXX_LANGUAGE_STANDARD = "gnu++0x";
				CLANG_CXX_LIBRARY = "libc++";
				GCC_C_LANGUAGE_STANDARD = gnu99;
				GCC_PREFIX_HEADER = "OctoClient/OctoClient-Prefix.pch";
				HEADER_SEARCH_PATHS = External/AFNetworking;
				IPHONEOS_DEPLOYMENT_TARGET = 5.1;
				MACOSX_DEPLOYMENT_TARGET = 10.7;
				PRODUCT_NAME = OctoClient;
				SDKROOT = macosx;
			};
			name = Release;
		};
		D0871ED3169E2EFC00016ACA /* Debug */ = {
			isa = XCBuildConfiguration;
			baseConfigurationReference = D0871FC9169E2FF500016ACA /* Mac-Framework.xcconfig */;
			buildSettings = {
				DYLIB_COMPATIBILITY_VERSION = 1;
				DYLIB_CURRENT_VERSION = 1;
				FRAMEWORK_VERSION = A;
				INFOPLIST_FILE = "OctoClient/OctoClient-Info.plist";
				WRAPPER_EXTENSION = framework;
			};
			name = Debug;
		};
		D0871ED4169E2EFC00016ACA /* Release */ = {
			isa = XCBuildConfiguration;
			baseConfigurationReference = D0871FC9169E2FF500016ACA /* Mac-Framework.xcconfig */;
			buildSettings = {
				DYLIB_COMPATIBILITY_VERSION = 1;
				DYLIB_CURRENT_VERSION = 1;
				FRAMEWORK_VERSION = A;
				INFOPLIST_FILE = "OctoClient/OctoClient-Info.plist";
				WRAPPER_EXTENSION = framework;
			};
			name = Release;
		};
		D0871ED6169E2EFC00016ACA /* Debug */ = {
			isa = XCBuildConfiguration;
			baseConfigurationReference = D0871FC6169E2FF500016ACA /* Mac-Application.xcconfig */;
			buildSettings = {
				FRAMEWORK_SEARCH_PATHS = "\"$(DEVELOPER_LIBRARY_DIR)/Frameworks\"";
				INFOPLIST_FILE = "OctoClientTests/OctoClientTests-Info.plist";
				PRODUCT_NAME = "$(TARGET_NAME)";
				WRAPPER_EXTENSION = octest;
			};
			name = Debug;
		};
		D0871ED7169E2EFC00016ACA /* Release */ = {
			isa = XCBuildConfiguration;
			baseConfigurationReference = D0871FC6169E2FF500016ACA /* Mac-Application.xcconfig */;
			buildSettings = {
				FRAMEWORK_SEARCH_PATHS = "\"$(DEVELOPER_LIBRARY_DIR)/Frameworks\"";
				INFOPLIST_FILE = "OctoClientTests/OctoClientTests-Info.plist";
				PRODUCT_NAME = "$(TARGET_NAME)";
				WRAPPER_EXTENSION = octest;
			};
			name = Release;
		};
		D0872005169E309A00016ACA /* Debug */ = {
			isa = XCBuildConfiguration;
			baseConfigurationReference = D0871FC4169E2FF500016ACA /* iOS-StaticLibrary.xcconfig */;
			buildSettings = {
				DSTROOT = /tmp/OctoClient.dst;
				OTHER_LDFLAGS = "-ObjC";
			};
			name = Debug;
		};
		D0872006169E309A00016ACA /* Release */ = {
			isa = XCBuildConfiguration;
			baseConfigurationReference = D0871FC4169E2FF500016ACA /* iOS-StaticLibrary.xcconfig */;
			buildSettings = {
				DSTROOT = /tmp/OctoClient.dst;
				OTHER_LDFLAGS = "-ObjC";
			};
			name = Release;
		};
		D0872008169E309A00016ACA /* Debug */ = {
			isa = XCBuildConfiguration;
			baseConfigurationReference = D0871FC2169E2FF500016ACA /* iOS-Application.xcconfig */;
			buildSettings = {
				FRAMEWORK_SEARCH_PATHS = (
					"\"$(SDKROOT)/Developer/Library/Frameworks\"",
					"\"$(DEVELOPER_LIBRARY_DIR)/Frameworks\"",
				);
				INFOPLIST_FILE = "OctoClientTests/OctoClientTests-Info.plist";
				PRODUCT_NAME = "$(TARGET_NAME)";
				WRAPPER_EXTENSION = octest;
			};
			name = Debug;
		};
		D0872009169E309A00016ACA /* Release */ = {
			isa = XCBuildConfiguration;
			baseConfigurationReference = D0871FC2169E2FF500016ACA /* iOS-Application.xcconfig */;
			buildSettings = {
				FRAMEWORK_SEARCH_PATHS = (
					"\"$(SDKROOT)/Developer/Library/Frameworks\"",
					"\"$(DEVELOPER_LIBRARY_DIR)/Frameworks\"",
				);
				INFOPLIST_FILE = "OctoClientTests/OctoClientTests-Info.plist";
				PRODUCT_NAME = "$(TARGET_NAME)";
				WRAPPER_EXTENSION = octest;
			};
			name = Release;
		};
		D087200A169E319C00016ACA /* Profile */ = {
			isa = XCBuildConfiguration;
			baseConfigurationReference = D0871FBC169E2FF500016ACA /* Profile.xcconfig */;
			buildSettings = {
				ARCHS = "$(ARCHS_STANDARD_64_BIT)";
				CLANG_CXX_LANGUAGE_STANDARD = "gnu++0x";
				CLANG_CXX_LIBRARY = "libc++";
				GCC_C_LANGUAGE_STANDARD = gnu99;
				GCC_PREFIX_HEADER = "OctoClient/OctoClient-Prefix.pch";
				HEADER_SEARCH_PATHS = External/AFNetworking;
				IPHONEOS_DEPLOYMENT_TARGET = 5.1;
				MACOSX_DEPLOYMENT_TARGET = 10.7;
				PRODUCT_NAME = OctoClient;
				SDKROOT = macosx;
			};
			name = Profile;
		};
		D087200B169E319C00016ACA /* Profile */ = {
			isa = XCBuildConfiguration;
			baseConfigurationReference = D0871FC9169E2FF500016ACA /* Mac-Framework.xcconfig */;
			buildSettings = {
				DYLIB_COMPATIBILITY_VERSION = 1;
				DYLIB_CURRENT_VERSION = 1;
				FRAMEWORK_VERSION = A;
				INFOPLIST_FILE = "OctoClient/OctoClient-Info.plist";
				WRAPPER_EXTENSION = framework;
			};
			name = Profile;
		};
		D087200C169E319C00016ACA /* Profile */ = {
			isa = XCBuildConfiguration;
			baseConfigurationReference = D0871FC6169E2FF500016ACA /* Mac-Application.xcconfig */;
			buildSettings = {
				FRAMEWORK_SEARCH_PATHS = "\"$(DEVELOPER_LIBRARY_DIR)/Frameworks\"";
				INFOPLIST_FILE = "OctoClientTests/OctoClientTests-Info.plist";
				PRODUCT_NAME = "$(TARGET_NAME)";
				WRAPPER_EXTENSION = octest;
			};
			name = Profile;
		};
		D087200D169E319C00016ACA /* Profile */ = {
			isa = XCBuildConfiguration;
			baseConfigurationReference = D0871FC4169E2FF500016ACA /* iOS-StaticLibrary.xcconfig */;
			buildSettings = {
				DSTROOT = /tmp/OctoClient.dst;
				OTHER_LDFLAGS = "-ObjC";
			};
			name = Profile;
		};
		D087200E169E319C00016ACA /* Profile */ = {
			isa = XCBuildConfiguration;
			baseConfigurationReference = D0871FC2169E2FF500016ACA /* iOS-Application.xcconfig */;
			buildSettings = {
				FRAMEWORK_SEARCH_PATHS = (
					"\"$(SDKROOT)/Developer/Library/Frameworks\"",
					"\"$(DEVELOPER_LIBRARY_DIR)/Frameworks\"",
				);
				INFOPLIST_FILE = "OctoClientTests/OctoClientTests-Info.plist";
				PRODUCT_NAME = "$(TARGET_NAME)";
				WRAPPER_EXTENSION = octest;
			};
			name = Profile;
		};
/* End XCBuildConfiguration section */

/* Begin XCConfigurationList section */
		D0871EA1169E2EFC00016ACA /* Build configuration list for PBXProject "OctoClient" */ = {
			isa = XCConfigurationList;
			buildConfigurations = (
				D0871ED0169E2EFC00016ACA /* Debug */,
				D0871ED1169E2EFC00016ACA /* Release */,
				D087200A169E319C00016ACA /* Profile */,
			);
			defaultConfigurationIsVisible = 0;
			defaultConfigurationName = Release;
		};
		D0871ED2169E2EFC00016ACA /* Build configuration list for PBXNativeTarget "OctoClient Mac" */ = {
			isa = XCConfigurationList;
			buildConfigurations = (
				D0871ED3169E2EFC00016ACA /* Debug */,
				D0871ED4169E2EFC00016ACA /* Release */,
				D087200B169E319C00016ACA /* Profile */,
			);
			defaultConfigurationIsVisible = 0;
			defaultConfigurationName = Release;
		};
		D0871ED5169E2EFC00016ACA /* Build configuration list for PBXNativeTarget "OctoClient Mac Tests" */ = {
			isa = XCConfigurationList;
			buildConfigurations = (
				D0871ED6169E2EFC00016ACA /* Debug */,
				D0871ED7169E2EFC00016ACA /* Release */,
				D087200C169E319C00016ACA /* Profile */,
			);
			defaultConfigurationIsVisible = 0;
			defaultConfigurationName = Release;
		};
		D0872004169E309A00016ACA /* Build configuration list for PBXNativeTarget "OctoClient iOS" */ = {
			isa = XCConfigurationList;
			buildConfigurations = (
				D0872005169E309A00016ACA /* Debug */,
				D0872006169E309A00016ACA /* Release */,
				D087200D169E319C00016ACA /* Profile */,
			);
			defaultConfigurationIsVisible = 0;
			defaultConfigurationName = Release;
		};
		D0872007169E309A00016ACA /* Build configuration list for PBXNativeTarget "OctoClient iOS Tests" */ = {
			isa = XCConfigurationList;
			buildConfigurations = (
				D0872008169E309A00016ACA /* Debug */,
				D0872009169E309A00016ACA /* Release */,
				D087200E169E319C00016ACA /* Profile */,
			);
			defaultConfigurationIsVisible = 0;
			defaultConfigurationName = Release;
		};
/* End XCConfigurationList section */
	};
	rootObject = D0871E9E169E2EFC00016ACA /* Project object */;
}
